// !$*UTF8*$!
{
	archiveVersion = 1;
	classes = {
	};
	objectVersion = 50;
	objects = {

/* Begin PBXBuildFile section */
		D90E0BE120FB624300F862CA /* MapKit.framework in Frameworks */ = {isa = PBXBuildFile; fileRef = D90E0BE020FB624300F862CA /* MapKit.framework */; };
		D90E0BE320FCBAC600F862CA /* MapViewController.swift in Sources */ = {isa = PBXBuildFile; fileRef = D90E0BE220FCBAC600F862CA /* MapViewController.swift */; };
		D9106DA520F20B28008A1138 /* ConversionViewController.swift in Sources */ = {isa = PBXBuildFile; fileRef = D9106DA420F20B28008A1138 /* ConversionViewController.swift */; };
		D94C9EBE20DBAF8900034BAC /* AppDelegate.swift in Sources */ = {isa = PBXBuildFile; fileRef = D94C9EBD20DBAF8900034BAC /* AppDelegate.swift */; };
		D94C9EC320DBAF8900034BAC /* Main.storyboard in Resources */ = {isa = PBXBuildFile; fileRef = D94C9EC120DBAF8900034BAC /* Main.storyboard */; };
		D94C9EC520DBAF8B00034BAC /* Assets.xcassets in Resources */ = {isa = PBXBuildFile; fileRef = D94C9EC420DBAF8B00034BAC /* Assets.xcassets */; };
		D94C9EC820DBAF8B00034BAC /* LaunchScreen.storyboard in Resources */ = {isa = PBXBuildFile; fileRef = D94C9EC620DBAF8B00034BAC /* LaunchScreen.storyboard */; };
		D94C9ED320DBAF8B00034BAC /* WorldTrotterTests.swift in Sources */ = {isa = PBXBuildFile; fileRef = D94C9ED220DBAF8B00034BAC /* WorldTrotterTests.swift */; };
		D94C9EDE20DBAF8B00034BAC /* WorldTrotterUITests.swift in Sources */ = {isa = PBXBuildFile; fileRef = D94C9EDD20DBAF8B00034BAC /* WorldTrotterUITests.swift */; };
		D9E03CCF212FA8E800465F86 /* WebViewController.swift in Sources */ = {isa = PBXBuildFile; fileRef = D9E03CCE212FA8E800465F86 /* WebViewController.swift */; };
/* End PBXBuildFile section */

/* Begin PBXContainerItemProxy section */
		D94C9ECF20DBAF8B00034BAC /* PBXContainerItemProxy */ = {
			isa = PBXContainerItemProxy;
			containerPortal = D94C9EB220DBAF8900034BAC /* Project object */;
			proxyType = 1;
			remoteGlobalIDString = D94C9EB920DBAF8900034BAC;
			remoteInfo = WorldTrotter;
		};
		D94C9EDA20DBAF8B00034BAC /* PBXContainerItemProxy */ = {
			isa = PBXContainerItemProxy;
			containerPortal = D94C9EB220DBAF8900034BAC /* Project object */;
			proxyType = 1;
			remoteGlobalIDString = D94C9EB920DBAF8900034BAC;
			remoteInfo = WorldTrotter;
		};
/* End PBXContainerItemProxy section */

/* Begin PBXFileReference section */
		D90E0BE020FB624300F862CA /* MapKit.framework */ = {isa = PBXFileReference; lastKnownFileType = wrapper.framework; name = MapKit.framework; path = System/Library/Frameworks/MapKit.framework; sourceTree = SDKROOT; };
		D90E0BE220FCBAC600F862CA /* MapViewController.swift */ = {isa = PBXFileReference; lastKnownFileType = sourcecode.swift; path = MapViewController.swift; sourceTree = "<group>"; };
		D9106DA420F20B28008A1138 /* ConversionViewController.swift */ = {isa = PBXFileReference; lastKnownFileType = sourcecode.swift; path = ConversionViewController.swift; sourceTree = "<group>"; };
		D94C9EBA20DBAF8900034BAC /* WorldTrotter.app */ = {isa = PBXFileReference; explicitFileType = wrapper.application; includeInIndex = 0; path = WorldTrotter.app; sourceTree = BUILT_PRODUCTS_DIR; };
		D94C9EBD20DBAF8900034BAC /* AppDelegate.swift */ = {isa = PBXFileReference; lastKnownFileType = sourcecode.swift; path = AppDelegate.swift; sourceTree = "<group>"; };
		D94C9EC220DBAF8900034BAC /* Base */ = {isa = PBXFileReference; lastKnownFileType = file.storyboard; name = Base; path = Base.lproj/Main.storyboard; sourceTree = "<group>"; };
		D94C9EC420DBAF8B00034BAC /* Assets.xcassets */ = {isa = PBXFileReference; lastKnownFileType = folder.assetcatalog; path = Assets.xcassets; sourceTree = "<group>"; };
		D94C9EC720DBAF8B00034BAC /* Base */ = {isa = PBXFileReference; lastKnownFileType = file.storyboard; name = Base; path = Base.lproj/LaunchScreen.storyboard; sourceTree = "<group>"; };
		D94C9EC920DBAF8B00034BAC /* Info.plist */ = {isa = PBXFileReference; lastKnownFileType = text.plist.xml; path = Info.plist; sourceTree = "<group>"; };
		D94C9ECE20DBAF8B00034BAC /* WorldTrotterTests.xctest */ = {isa = PBXFileReference; explicitFileType = wrapper.cfbundle; includeInIndex = 0; path = WorldTrotterTests.xctest; sourceTree = BUILT_PRODUCTS_DIR; };
		D94C9ED220DBAF8B00034BAC /* WorldTrotterTests.swift */ = {isa = PBXFileReference; lastKnownFileType = sourcecode.swift; path = WorldTrotterTests.swift; sourceTree = "<group>"; };
		D94C9ED420DBAF8B00034BAC /* Info.plist */ = {isa = PBXFileReference; lastKnownFileType = text.plist.xml; path = Info.plist; sourceTree = "<group>"; };
		D94C9ED920DBAF8B00034BAC /* WorldTrotterUITests.xctest */ = {isa = PBXFileReference; explicitFileType = wrapper.cfbundle; includeInIndex = 0; path = WorldTrotterUITests.xctest; sourceTree = BUILT_PRODUCTS_DIR; };
		D94C9EDD20DBAF8B00034BAC /* WorldTrotterUITests.swift */ = {isa = PBXFileReference; lastKnownFileType = sourcecode.swift; path = WorldTrotterUITests.swift; sourceTree = "<group>"; };
		D94C9EDF20DBAF8B00034BAC /* Info.plist */ = {isa = PBXFileReference; lastKnownFileType = text.plist.xml; path = Info.plist; sourceTree = "<group>"; };
		D9E03CCE212FA8E800465F86 /* WebViewController.swift */ = {isa = PBXFileReference; lastKnownFileType = sourcecode.swift; path = WebViewController.swift; sourceTree = "<group>"; };
/* End PBXFileReference section */

/* Begin PBXFrameworksBuildPhase section */
		D94C9EB720DBAF8900034BAC /* Frameworks */ = {
			isa = PBXFrameworksBuildPhase;
			buildActionMask = 2147483647;
			files = (
				D90E0BE120FB624300F862CA /* MapKit.framework in Frameworks */,
			);
			runOnlyForDeploymentPostprocessing = 0;
		};
		D94C9ECB20DBAF8B00034BAC /* Frameworks */ = {
			isa = PBXFrameworksBuildPhase;
			buildActionMask = 2147483647;
			files = (
			);
			runOnlyForDeploymentPostprocessing = 0;
		};
		D94C9ED620DBAF8B00034BAC /* Frameworks */ = {
			isa = PBXFrameworksBuildPhase;
			buildActionMask = 2147483647;
			files = (
			);
			runOnlyForDeploymentPostprocessing = 0;
		};
/* End PBXFrameworksBuildPhase section */

/* Begin PBXGroup section */
		D90E0BDF20FB624300F862CA /* Frameworks */ = {
			isa = PBXGroup;
			children = (
				D90E0BE020FB624300F862CA /* MapKit.framework */,
			);
			name = Frameworks;
			sourceTree = "<group>";
		};
		D94C9EB120DBAF8900034BAC = {
			isa = PBXGroup;
			children = (
				D94C9EBC20DBAF8900034BAC /* WorldTrotter */,
				D94C9ED120DBAF8B00034BAC /* WorldTrotterTests */,
				D94C9EDC20DBAF8B00034BAC /* WorldTrotterUITests */,
				D94C9EBB20DBAF8900034BAC /* Products */,
				D90E0BDF20FB624300F862CA /* Frameworks */,
			);
			sourceTree = "<group>";
		};
		D94C9EBB20DBAF8900034BAC /* Products */ = {
			isa = PBXGroup;
			children = (
				D94C9EBA20DBAF8900034BAC /* WorldTrotter.app */,
				D94C9ECE20DBAF8B00034BAC /* WorldTrotterTests.xctest */,
				D94C9ED920DBAF8B00034BAC /* WorldTrotterUITests.xctest */,
			);
			name = Products;
			sourceTree = "<group>";
		};
		D94C9EBC20DBAF8900034BAC /* WorldTrotter */ = {
			isa = PBXGroup;
			children = (
				D9106DA420F20B28008A1138 /* ConversionViewController.swift */,
				D94C9EBD20DBAF8900034BAC /* AppDelegate.swift */,
				D94C9EC120DBAF8900034BAC /* Main.storyboard */,
				D9E03CCE212FA8E800465F86 /* WebViewController.swift */,
				D90E0BE220FCBAC600F862CA /* MapViewController.swift */,
				D94C9EC420DBAF8B00034BAC /* Assets.xcassets */,
				D94C9EC620DBAF8B00034BAC /* LaunchScreen.storyboard */,
				D94C9EC920DBAF8B00034BAC /* Info.plist */,
			);
			path = WorldTrotter;
			sourceTree = "<group>";
		};
		D94C9ED120DBAF8B00034BAC /* WorldTrotterTests */ = {
			isa = PBXGroup;
			children = (
				D94C9ED220DBAF8B00034BAC /* WorldTrotterTests.swift */,
				D94C9ED420DBAF8B00034BAC /* Info.plist */,
			);
			path = WorldTrotterTests;
			sourceTree = "<group>";
		};
		D94C9EDC20DBAF8B00034BAC /* WorldTrotterUITests */ = {
			isa = PBXGroup;
			children = (
				D94C9EDD20DBAF8B00034BAC /* WorldTrotterUITests.swift */,
				D94C9EDF20DBAF8B00034BAC /* Info.plist */,
			);
			path = WorldTrotterUITests;
			sourceTree = "<group>";
		};
/* End PBXGroup section */

/* Begin PBXNativeTarget section */
		D94C9EB920DBAF8900034BAC /* WorldTrotter */ = {
			isa = PBXNativeTarget;
			buildConfigurationList = D94C9EE220DBAF8B00034BAC /* Build configuration list for PBXNativeTarget "WorldTrotter" */;
			buildPhases = (
				D94C9EB620DBAF8900034BAC /* Sources */,
				D94C9EB720DBAF8900034BAC /* Frameworks */,
				D94C9EB820DBAF8900034BAC /* Resources */,
			);
			buildRules = (
			);
			dependencies = (
			);
			name = WorldTrotter;
			productName = WorldTrotter;
			productReference = D94C9EBA20DBAF8900034BAC /* WorldTrotter.app */;
			productType = "com.apple.product-type.application";
		};
		D94C9ECD20DBAF8B00034BAC /* WorldTrotterTests */ = {
			isa = PBXNativeTarget;
			buildConfigurationList = D94C9EE520DBAF8B00034BAC /* Build configuration list for PBXNativeTarget "WorldTrotterTests" */;
			buildPhases = (
				D94C9ECA20DBAF8B00034BAC /* Sources */,
				D94C9ECB20DBAF8B00034BAC /* Frameworks */,
				D94C9ECC20DBAF8B00034BAC /* Resources */,
			);
			buildRules = (
			);
			dependencies = (
				D94C9ED020DBAF8B00034BAC /* PBXTargetDependency */,
			);
			name = WorldTrotterTests;
			productName = WorldTrotterTests;
			productReference = D94C9ECE20DBAF8B00034BAC /* WorldTrotterTests.xctest */;
			productType = "com.apple.product-type.bundle.unit-test";
		};
		D94C9ED820DBAF8B00034BAC /* WorldTrotterUITests */ = {
			isa = PBXNativeTarget;
			buildConfigurationList = D94C9EE820DBAF8B00034BAC /* Build configuration list for PBXNativeTarget "WorldTrotterUITests" */;
			buildPhases = (
				D94C9ED520DBAF8B00034BAC /* Sources */,
				D94C9ED620DBAF8B00034BAC /* Frameworks */,
				D94C9ED720DBAF8B00034BAC /* Resources */,
			);
			buildRules = (
			);
			dependencies = (
				D94C9EDB20DBAF8B00034BAC /* PBXTargetDependency */,
			);
			name = WorldTrotterUITests;
			productName = WorldTrotterUITests;
			productReference = D94C9ED920DBAF8B00034BAC /* WorldTrotterUITests.xctest */;
			productType = "com.apple.product-type.bundle.ui-testing";
		};
/* End PBXNativeTarget section */

/* Begin PBXProject section */
		D94C9EB220DBAF8900034BAC /* Project object */ = {
			isa = PBXProject;
			attributes = {
				LastSwiftUpdateCheck = 0930;
				LastUpgradeCheck = 0930;
				ORGANIZATIONNAME = "Oleksandr Gribov";
				TargetAttributes = {
					D94C9EB920DBAF8900034BAC = {
						CreatedOnToolsVersion = 9.3.1;
					};
					D94C9ECD20DBAF8B00034BAC = {
						CreatedOnToolsVersion = 9.3.1;
						TestTargetID = D94C9EB920DBAF8900034BAC;
					};
					D94C9ED820DBAF8B00034BAC = {
						CreatedOnToolsVersion = 9.3.1;
						TestTargetID = D94C9EB920DBAF8900034BAC;
					};
				};
			};
			buildConfigurationList = D94C9EB520DBAF8900034BAC /* Build configuration list for PBXProject "WorldTrotter" */;
			compatibilityVersion = "Xcode 9.3";
			developmentRegion = en;
			hasScannedForEncodings = 0;
			knownRegions = (
				en,
				Base,
			);
			mainGroup = D94C9EB120DBAF8900034BAC;
			productRefGroup = D94C9EBB20DBAF8900034BAC /* Products */;
			projectDirPath = "";
			projectRoot = "";
			targets = (
				D94C9EB920DBAF8900034BAC /* WorldTrotter */,
				D94C9ECD20DBAF8B00034BAC /* WorldTrotterTests */,
				D94C9ED820DBAF8B00034BAC /* WorldTrotterUITests */,
			);
		};
/* End PBXProject section */

/* Begin PBXResourcesBuildPhase section */
		D94C9EB820DBAF8900034BAC /* Resources */ = {
			isa = PBXResourcesBuildPhase;
			buildActionMask = 2147483647;
			files = (
				D94C9EC820DBAF8B00034BAC /* LaunchScreen.storyboard in Resources */,
				D94C9EC520DBAF8B00034BAC /* Assets.xcassets in Resources */,
				D94C9EC320DBAF8900034BAC /* Main.storyboard in Resources */,
			);
			runOnlyForDeploymentPostprocessing = 0;
		};
		D94C9ECC20DBAF8B00034BAC /* Resources */ = {
			isa = PBXResourcesBuildPhase;
			buildActionMask = 2147483647;
			files = (
			);
			runOnlyForDeploymentPostprocessing = 0;
		};
		D94C9ED720DBAF8B00034BAC /* Resources */ = {
			isa = PBXResourcesBuildPhase;
			buildActionMask = 2147483647;
			files = (
			);
			runOnlyForDeploymentPostprocessing = 0;
		};
/* End PBXResourcesBuildPhase section */

/* Begin PBXSourcesBuildPhase section */
		D94C9EB620DBAF8900034BAC /* Sources */ = {
			isa = PBXSourcesBuildPhase;
			buildActionMask = 2147483647;
			files = (
				D9106DA520F20B28008A1138 /* ConversionViewController.swift in Sources */,
				D90E0BE320FCBAC600F862CA /* MapViewController.swift in Sources */,
				D94C9EBE20DBAF8900034BAC /* AppDelegate.swift in Sources */,
				D9E03CCF212FA8E800465F86 /* WebViewController.swift in Sources */,
			);
			runOnlyForDeploymentPostprocessing = 0;
		};
		D94C9ECA20DBAF8B00034BAC /* Sources */ = {
			isa = PBXSourcesBuildPhase;
			buildActionMask = 2147483647;
			files = (
				D94C9ED320DBAF8B00034BAC /* WorldTrotterTests.swift in Sources */,
			);
			runOnlyForDeploymentPostprocessing = 0;
		};
		D94C9ED520DBAF8B00034BAC /* Sources */ = {
			isa = PBXSourcesBuildPhase;
			buildActionMask = 2147483647;
			files = (
				D94C9EDE20DBAF8B00034BAC /* WorldTrotterUITests.swift in Sources */,
			);
			runOnlyForDeploymentPostprocessing = 0;
		};
/* End PBXSourcesBuildPhase section */

/* Begin PBXTargetDependency section */
		D94C9ED020DBAF8B00034BAC /* PBXTargetDependency */ = {
			isa = PBXTargetDependency;
			target = D94C9EB920DBAF8900034BAC /* WorldTrotter */;
			targetProxy = D94C9ECF20DBAF8B00034BAC /* PBXContainerItemProxy */;
		};
		D94C9EDB20DBAF8B00034BAC /* PBXTargetDependency */ = {
			isa = PBXTargetDependency;
			target = D94C9EB920DBAF8900034BAC /* WorldTrotter */;
			targetProxy = D94C9EDA20DBAF8B00034BAC /* PBXContainerItemProxy */;
		};
/* End PBXTargetDependency section */

/* Begin PBXVariantGroup section */
		D94C9EC120DBAF8900034BAC /* Main.storyboard */ = {
			isa = PBXVariantGroup;
			children = (
				D94C9EC220DBAF8900034BAC /* Base */,
			);
			name = Main.storyboard;
			sourceTree = "<group>";
		};
		D94C9EC620DBAF8B00034BAC /* LaunchScreen.storyboard */ = {
			isa = PBXVariantGroup;
			children = (
				D94C9EC720DBAF8B00034BAC /* Base */,
			);
			name = LaunchScreen.storyboard;
			sourceTree = "<group>";
		};
/* End PBXVariantGroup section */

/* Begin XCBuildConfiguration section */
		D94C9EE020DBAF8B00034BAC /* Debug */ = {
			isa = XCBuildConfiguration;
			buildSettings = {
				ALWAYS_SEARCH_USER_PATHS = NO;
				CLANG_ANALYZER_NONNULL = YES;
				CLANG_ANALYZER_NUMBER_OBJECT_CONVERSION = YES_AGGRESSIVE;
				CLANG_CXX_LANGUAGE_STANDARD = "gnu++14";
				CLANG_CXX_LIBRARY = "libc++";
				CLANG_ENABLE_MODULES = YES;
				CLANG_ENABLE_OBJC_ARC = YES;
				CLANG_ENABLE_OBJC_WEAK = YES;
				CLANG_WARN_BLOCK_CAPTURE_AUTORELEASING = YES;
				CLANG_WARN_BOOL_CONVERSION = YES;
				CLANG_WARN_COMMA = YES;
				CLANG_WARN_CONSTANT_CONVERSION = YES;
				CLANG_WARN_DEPRECATED_OBJC_IMPLEMENTATIONS = YES;
				CLANG_WARN_DIRECT_OBJC_ISA_USAGE = YES_ERROR;
				CLANG_WARN_DOCUMENTATION_COMMENTS = YES;
				CLANG_WARN_EMPTY_BODY = YES;
				CLANG_WARN_ENUM_CONVERSION = YES;
				CLANG_WARN_INFINITE_RECURSION = YES;
				CLANG_WARN_INT_CONVERSION = YES;
				CLANG_WARN_NON_LITERAL_NULL_CONVERSION = YES;
				CLANG_WARN_OBJC_IMPLICIT_RETAIN_SELF = YES;
				CLANG_WARN_OBJC_LITERAL_CONVERSION = YES;
				CLANG_WARN_OBJC_ROOT_CLASS = YES_ERROR;
				CLANG_WARN_RANGE_LOOP_ANALYSIS = YES;
				CLANG_WARN_STRICT_PROTOTYPES = YES;
				CLANG_WARN_SUSPICIOUS_MOVE = YES;
				CLANG_WARN_UNGUARDED_AVAILABILITY = YES_AGGRESSIVE;
				CLANG_WARN_UNREACHABLE_CODE = YES;
				CLANG_WARN__DUPLICATE_METHOD_MATCH = YES;
				CODE_SIGN_IDENTITY = "iPhone Developer";
				COPY_PHASE_STRIP = NO;
				DEBUG_INFORMATION_FORMAT = dwarf;
				ENABLE_STRICT_OBJC_MSGSEND = YES;
				ENABLE_TESTABILITY = YES;
				GCC_C_LANGUAGE_STANDARD = gnu11;
				GCC_DYNAMIC_NO_PIC = NO;
				GCC_NO_COMMON_BLOCKS = YES;
				GCC_OPTIMIZATION_LEVEL = 0;
				GCC_PREPROCESSOR_DEFINITIONS = (
					"DEBUG=1",
					"$(inherited)",
				);
				GCC_WARN_64_TO_32_BIT_CONVERSION = YES;
				GCC_WARN_ABOUT_RETURN_TYPE = YES_ERROR;
				GCC_WARN_UNDECLARED_SELECTOR = YES;
				GCC_WARN_UNINITIALIZED_AUTOS = YES_AGGRESSIVE;
				GCC_WARN_UNUSED_FUNCTION = YES;
				GCC_WARN_UNUSED_VARIABLE = YES;
				IPHONEOS_DEPLOYMENT_TARGET = 11.3;
				MTL_ENABLE_DEBUG_INFO = YES;
				ONLY_ACTIVE_ARCH = YES;
				SDKROOT = iphoneos;
				SWIFT_ACTIVE_COMPILATION_CONDITIONS = DEBUG;
				SWIFT_OPTIMIZATION_LEVEL = "-Onone";
			};
			name = Debug;
		};
		D94C9EE120DBAF8B00034BAC /* Release */ = {
			isa = XCBuildConfiguration;
			buildSettings = {
				ALWAYS_SEARCH_USER_PATHS = NO;
				CLANG_ANALYZER_NONNULL = YES;
				CLANG_ANALYZER_NUMBER_OBJECT_CONVERSION = YES_AGGRESSIVE;
				CLANG_CXX_LANGUAGE_STANDARD = "gnu++14";
				CLANG_CXX_LIBRARY = "libc++";
				CLANG_ENABLE_MODULES = YES;
				CLANG_ENABLE_OBJC_ARC = YES;
				CLANG_ENABLE_OBJC_WEAK = YES;
				CLANG_WARN_BLOCK_CAPTURE_AUTORELEASING = YES;
				CLANG_WARN_BOOL_CONVERSION = YES;
				CLANG_WARN_COMMA = YES;
				CLANG_WARN_CONSTANT_CONVERSION = YES;
				CLANG_WARN_DEPRECATED_OBJC_IMPLEMENTATIONS = YES;
				CLANG_WARN_DIRECT_OBJC_ISA_USAGE = YES_ERROR;
				CLANG_WARN_DOCUMENTATION_COMMENTS = YES;
				CLANG_WARN_EMPTY_BODY = YES;
				CLANG_WARN_ENUM_CONVERSION = YES;
				CLANG_WARN_INFINITE_RECURSION = YES;
				CLANG_WARN_INT_CONVERSION = YES;
				CLANG_WARN_NON_LITERAL_NULL_CONVERSION = YES;
				CLANG_WARN_OBJC_IMPLICIT_RETAIN_SELF = YES;
				CLANG_WARN_OBJC_LITERAL_CONVERSION = YES;
				CLANG_WARN_OBJC_ROOT_CLASS = YES_ERROR;
				CLANG_WARN_RANGE_LOOP_ANALYSIS = YES;
				CLANG_WARN_STRICT_PROTOTYPES = YES;
				CLANG_WARN_SUSPICIOUS_MOVE = YES;
				CLANG_WARN_UNGUARDED_AVAILABILITY = YES_AGGRESSIVE;
				CLANG_WARN_UNREACHABLE_CODE = YES;
				CLANG_WARN__DUPLICATE_METHOD_MATCH = YES;
				CODE_SIGN_IDENTITY = "iPhone Developer";
				COPY_PHASE_STRIP = NO;
				DEBUG_INFORMATION_FORMAT = "dwarf-with-dsym";
				ENABLE_NS_ASSERTIONS = NO;
				ENABLE_STRICT_OBJC_MSGSEND = YES;
				GCC_C_LANGUAGE_STANDARD = gnu11;
				GCC_NO_COMMON_BLOCKS = YES;
				GCC_WARN_64_TO_32_BIT_CONVERSION = YES;
				GCC_WARN_ABOUT_RETURN_TYPE = YES_ERROR;
				GCC_WARN_UNDECLARED_SELECTOR = YES;
				GCC_WARN_UNINITIALIZED_AUTOS = YES_AGGRESSIVE;
				GCC_WARN_UNUSED_FUNCTION = YES;
				GCC_WARN_UNUSED_VARIABLE = YES;
				IPHONEOS_DEPLOYMENT_TARGET = 11.3;
				MTL_ENABLE_DEBUG_INFO = NO;
				SDKROOT = iphoneos;
				SWIFT_COMPILATION_MODE = wholemodule;
				SWIFT_OPTIMIZATION_LEVEL = "-O";
				VALIDATE_PRODUCT = YES;
			};
			name = Release;
		};
		D94C9EE320DBAF8B00034BAC /* Debug */ = {
			isa = XCBuildConfiguration;
			buildSettings = {
				ASSETCATALOG_COMPILER_LAUNCHIMAGE_NAME = "LaunchImage-3";
				CODE_SIGN_STYLE = Automatic;
				INFOPLIST_FILE = WorldTrotter/Info.plist;
				LD_RUNPATH_SEARCH_PATHS = (
					"$(inherited)",
					"@executable_path/Frameworks",
				);
				PRODUCT_BUNDLE_IDENTIFIER = com.example.WorldTrotter;
				PRODUCT_NAME = "$(TARGET_NAME)";
				SWIFT_VERSION = 4.0;
				TARGETED_DEVICE_FAMILY = "1,2";
			};
			name = Debug;
		};
		D94C9EE420DBAF8B00034BAC /* Release */ = {
			isa = XCBuildConfiguration;
			buildSettings = {
				ASSETCATALOG_COMPILER_LAUNCHIMAGE_NAME = "LaunchImage-3";
				CODE_SIGN_STYLE = Automatic;
				INFOPLIST_FILE = WorldTrotter/Info.plist;
				LD_RUNPATH_SEARCH_PATHS = (
					"$(inherited)",
					"@executable_path/Frameworks",
				);
				PRODUCT_BUNDLE_IDENTIFIER = com.example.WorldTrotter;
				PRODUCT_NAME = "$(TARGET_NAME)";
				SWIFT_VERSION = 4.0;
				TARGETED_DEVICE_FAMILY = "1,2";
			};
			name = Release;
		};
		D94C9EE620DBAF8B00034BAC /* Debug */ = {
			isa = XCBuildConfiguration;
			buildSettings = {
				ALWAYS_EMBED_SWIFT_STANDARD_LIBRARIES = YES;
				BUNDLE_LOADER = "$(TEST_HOST)";
				CODE_SIGN_STYLE = Automatic;
				INFOPLIST_FILE = WorldTrotterTests/Info.plist;
				LD_RUNPATH_SEARCH_PATHS = (
					"$(inherited)",
					"@executable_path/Frameworks",
					"@loader_path/Frameworks",
				);
				PRODUCT_BUNDLE_IDENTIFIER = com.example.WorldTrotterTests;
				PRODUCT_NAME = "$(TARGET_NAME)";
				SWIFT_VERSION = 4.0;
				TARGETED_DEVICE_FAMILY = "1,2";
				TEST_HOST = "$(BUILT_PRODUCTS_DIR)/WorldTrotter.app/WorldTrotter";
			};
			name = Debug;
		};
		D94C9EE720DBAF8B00034BAC /* Release */ = {
			isa = XCBuildConfiguration;
			buildSettings = {
				ALWAYS_EMBED_SWIFT_STANDARD_LIBRARIES = YES;
				BUNDLE_LOADER = "$(TEST_HOST)";
				CODE_SIGN_STYLE = Automatic;
				INFOPLIST_FILE = WorldTrotterTests/Info.plist;
				LD_RUNPATH_SEARCH_PATHS = (
					"$(inherited)",
					"@executable_path/Frameworks",
					"@loader_path/Frameworks",
				);
				PRODUCT_BUNDLE_IDENTIFIER = com.example.WorldTrotterTests;
				PRODUCT_NAME = "$(TARGET_NAME)";
				SWIFT_VERSION = 4.0;
				TARGETED_DEVICE_FAMILY = "1,2";
				TEST_HOST = "$(BUILT_PRODUCTS_DIR)/WorldTrotter.app/WorldTrotter";
			};
			name = Release;
		};
		D94C9EE920DBAF8B00034BAC /* Debug */ = {
			isa = XCBuildConfiguration;
			buildSettings = {
				ALWAYS_EMBED_SWIFT_STANDARD_LIBRARIES = YES;
				CODE_SIGN_STYLE = Automatic;
				INFOPLIST_FILE = WorldTrotterUITests/Info.plist;
				LD_RUNPATH_SEARCH_PATHS = (
					"$(inherited)",
					"@executable_path/Frameworks",
					"@loader_path/Frameworks",
				);
				PRODUCT_BUNDLE_IDENTIFIER = com.example.WorldTrotterUITests;
				PRODUCT_NAME = "$(TARGET_NAME)";
				SWIFT_VERSION = 4.0;
				TARGETED_DEVICE_FAMILY = "1,2";
				TEST_TARGET_NAME = WorldTrotter;
			};
			name = Debug;
		};
		D94C9EEA20DBAF8B00034BAC /* Release */ = {
			isa = XCBuildConfiguration;
			buildSettings = {
				ALWAYS_EMBED_SWIFT_STANDARD_LIBRARIES = YES;
				CODE_SIGN_STYLE = Automatic;
				INFOPLIST_FILE = WorldTrotterUITests/Info.plist;
				LD_RUNPATH_SEARCH_PATHS = (
					"$(inherited)",
					"@executable_path/Frameworks",
					"@loader_path/Frameworks",
				);
				PRODUCT_BUNDLE_IDENTIFIER = com.example.WorldTrotterUITests;
				PRODUCT_NAME = "$(TARGET_NAME)";
				SWIFT_VERSION = 4.0;
				TARGETED_DEVICE_FAMILY = "1,2";
				TEST_TARGET_NAME = WorldTrotter;
			};
			name = Release;
		};
/* End XCBuildConfiguration section */

/* Begin XCConfigurationList section */
		D94C9EB520DBAF8900034BAC /* Build configuration list for PBXProject "WorldTrotter" */ = {
			isa = XCConfigurationList;
			buildConfigurations = (
				D94C9EE020DBAF8B00034BAC /* Debug */,
				D94C9EE120DBAF8B00034BAC /* Release */,
			);
			defaultConfigurationIsVisible = 0;
			defaultConfigurationName = Release;
		};
		D94C9EE220DBAF8B00034BAC /* Build configuration list for PBXNativeTarget "WorldTrotter" */ = {
			isa = XCConfigurationList;
			buildConfigurations = (
				D94C9EE320DBAF8B00034BAC /* Debug */,
				D94C9EE420DBAF8B00034BAC /* Release */,
			);
			defaultConfigurationIsVisible = 0;
			defaultConfigurationName = Release;
		};
		D94C9EE520DBAF8B00034BAC /* Build configuration list for PBXNativeTarget "WorldTrotterTests" */ = {
			isa = XCConfigurationList;
			buildConfigurations = (
				D94C9EE620DBAF8B00034BAC /* Debug */,
				D94C9EE720DBAF8B00034BAC /* Release */,
			);
			defaultConfigurationIsVisible = 0;
			defaultConfigurationName = Release;
		};
		D94C9EE820DBAF8B00034BAC /* Build configuration list for PBXNativeTarget "WorldTrotterUITests" */ = {
			isa = XCConfigurationList;
			buildConfigurations = (
				D94C9EE920DBAF8B00034BAC /* Debug */,
				D94C9EEA20DBAF8B00034BAC /* Release */,
			);
			defaultConfigurationIsVisible = 0;
			defaultConfigurationName = Release;
		};
/* End XCConfigurationList section */
	};
	rootObject = D94C9EB220DBAF8900034BAC /* Project object */;
}
